// !$*UTF8*$!
{
	archiveVersion = 1;
	classes = {
	};
	objectVersion = 46;
	objects = {

/* Begin PBXBuildFile section */
		2325216018BE86C30076DA00 /* NSError+Description.m in Sources */ = {isa = PBXBuildFile; fileRef = 2325215F18BE86C30076DA00 /* NSError+Description.m */; };
		2325216118BE86C30076DA00 /* NSError+Description.m in Sources */ = {isa = PBXBuildFile; fileRef = 2325215F18BE86C30076DA00 /* NSError+Description.m */; };
		239DEA7118B8CC4400ECF1DD /* Foundation.framework in Frameworks */ = {isa = PBXBuildFile; fileRef = 239DEA7018B8CC4400ECF1DD /* Foundation.framework */; };
		239DEA7318B8CC4400ECF1DD /* CoreGraphics.framework in Frameworks */ = {isa = PBXBuildFile; fileRef = 239DEA7218B8CC4400ECF1DD /* CoreGraphics.framework */; };
		239DEA7518B8CC4400ECF1DD /* UIKit.framework in Frameworks */ = {isa = PBXBuildFile; fileRef = 239DEA7418B8CC4400ECF1DD /* UIKit.framework */; };
		239DEA7B18B8CC4400ECF1DD /* InfoPlist.strings in Resources */ = {isa = PBXBuildFile; fileRef = 239DEA7918B8CC4400ECF1DD /* InfoPlist.strings */; };
		239DEA7D18B8CC4400ECF1DD /* main.m in Sources */ = {isa = PBXBuildFile; fileRef = 239DEA7C18B8CC4400ECF1DD /* main.m */; };
		239DEA8118B8CC4400ECF1DD /* DMAppDelegate.m in Sources */ = {isa = PBXBuildFile; fileRef = 239DEA8018B8CC4400ECF1DD /* DMAppDelegate.m */; };
		239DEA8318B8CC4400ECF1DD /* Images.xcassets in Resources */ = {isa = PBXBuildFile; fileRef = 239DEA8218B8CC4400ECF1DD /* Images.xcassets */; };
		239DEA8A18B8CC4500ECF1DD /* XCTest.framework in Frameworks */ = {isa = PBXBuildFile; fileRef = 239DEA8918B8CC4500ECF1DD /* XCTest.framework */; };
		239DEA8B18B8CC4500ECF1DD /* Foundation.framework in Frameworks */ = {isa = PBXBuildFile; fileRef = 239DEA7018B8CC4400ECF1DD /* Foundation.framework */; };
		239DEA8C18B8CC4500ECF1DD /* UIKit.framework in Frameworks */ = {isa = PBXBuildFile; fileRef = 239DEA7418B8CC4400ECF1DD /* UIKit.framework */; };
		239DEA9418B8CC4500ECF1DD /* InfoPlist.strings in Resources */ = {isa = PBXBuildFile; fileRef = 239DEA9218B8CC4500ECF1DD /* InfoPlist.strings */; };
		239DEA9618B8CC4500ECF1DD /* SimpleEpubReaderTests.m in Sources */ = {isa = PBXBuildFile; fileRef = 239DEA9518B8CC4500ECF1DD /* SimpleEpubReaderTests.m */; };
		23F189F618BBE73600EC3B92 /* DMTestableArchive.m in Sources */ = {isa = PBXBuildFile; fileRef = 23F189F518BBE73600EC3B92 /* DMTestableArchive.m */; };
		23F189F918BBE7A200EC3B92 /* DMUnZipTests.m in Sources */ = {isa = PBXBuildFile; fileRef = 23F189F818BBE7A100EC3B92 /* DMUnZipTests.m */; };
		23F189FC18BBECBD00EC3B92 /* DMTestableePubFileManager.m in Sources */ = {isa = PBXBuildFile; fileRef = 23F189FB18BBECBD00EC3B92 /* DMTestableePubFileManager.m */; };
		23F18A0018BBEE4000EC3B92 /* DMePubFileManager.m in Sources */ = {isa = PBXBuildFile; fileRef = 23F189FF18BBEE4000EC3B92 /* DMePubFileManager.m */; };
		23F18A0118BBEE4000EC3B92 /* DMePubFileManager.m in Sources */ = {isa = PBXBuildFile; fileRef = 23F189FF18BBEE4000EC3B92 /* DMePubFileManager.m */; };
		23F18A0318BBF93600EC3B92 /* libzipzap.a in Frameworks */ = {isa = PBXBuildFile; fileRef = 23F18A0218BBF93600EC3B92 /* libzipzap.a */; };
		23F18A0518BBF9CA00EC3B92 /* ImageIO.framework in Frameworks */ = {isa = PBXBuildFile; fileRef = 23F18A0418BBF9CA00EC3B92 /* ImageIO.framework */; };
		23F18A0718BBF9D300EC3B92 /* libz.dylib in Frameworks */ = {isa = PBXBuildFile; fileRef = 23F18A0618BBF9D300EC3B92 /* libz.dylib */; };
/* End PBXBuildFile section */

/* Begin PBXContainerItemProxy section */
		239DEA8D18B8CC4500ECF1DD /* PBXContainerItemProxy */ = {
			isa = PBXContainerItemProxy;
			containerPortal = 239DEA6518B8CC4400ECF1DD /* Project object */;
			proxyType = 1;
			remoteGlobalIDString = 239DEA6C18B8CC4400ECF1DD;
			remoteInfo = SimpleEpubReader;
		};
/* End PBXContainerItemProxy section */

/* Begin PBXFileReference section */
		2325215E18BE86C30076DA00 /* NSError+Description.h */ = {isa = PBXFileReference; fileEncoding = 4; lastKnownFileType = sourcecode.c.h; path = "NSError+Description.h"; sourceTree = "<group>"; };
		2325215F18BE86C30076DA00 /* NSError+Description.m */ = {isa = PBXFileReference; fileEncoding = 4; lastKnownFileType = sourcecode.c.objc; path = "NSError+Description.m"; sourceTree = "<group>"; };
		239DEA6D18B8CC4400ECF1DD /* SimpleEpubReader.app */ = {isa = PBXFileReference; explicitFileType = wrapper.application; includeInIndex = 0; path = SimpleEpubReader.app; sourceTree = BUILT_PRODUCTS_DIR; };
		239DEA7018B8CC4400ECF1DD /* Foundation.framework */ = {isa = PBXFileReference; lastKnownFileType = wrapper.framework; name = Foundation.framework; path = System/Library/Frameworks/Foundation.framework; sourceTree = SDKROOT; };
		239DEA7218B8CC4400ECF1DD /* CoreGraphics.framework */ = {isa = PBXFileReference; lastKnownFileType = wrapper.framework; name = CoreGraphics.framework; path = System/Library/Frameworks/CoreGraphics.framework; sourceTree = SDKROOT; };
		239DEA7418B8CC4400ECF1DD /* UIKit.framework */ = {isa = PBXFileReference; lastKnownFileType = wrapper.framework; name = UIKit.framework; path = System/Library/Frameworks/UIKit.framework; sourceTree = SDKROOT; };
		239DEA7818B8CC4400ECF1DD /* SimpleEpubReader-Info.plist */ = {isa = PBXFileReference; lastKnownFileType = text.plist.xml; path = "SimpleEpubReader-Info.plist"; sourceTree = "<group>"; };
		239DEA7A18B8CC4400ECF1DD /* en */ = {isa = PBXFileReference; lastKnownFileType = text.plist.strings; name = en; path = en.lproj/InfoPlist.strings; sourceTree = "<group>"; };
		239DEA7C18B8CC4400ECF1DD /* main.m */ = {isa = PBXFileReference; lastKnownFileType = sourcecode.c.objc; path = main.m; sourceTree = "<group>"; };
		239DEA7E18B8CC4400ECF1DD /* SimpleEpubReader-Prefix.pch */ = {isa = PBXFileReference; lastKnownFileType = sourcecode.c.h; path = "SimpleEpubReader-Prefix.pch"; sourceTree = "<group>"; };
		239DEA7F18B8CC4400ECF1DD /* DMAppDelegate.h */ = {isa = PBXFileReference; lastKnownFileType = sourcecode.c.h; path = DMAppDelegate.h; sourceTree = "<group>"; };
		239DEA8018B8CC4400ECF1DD /* DMAppDelegate.m */ = {isa = PBXFileReference; lastKnownFileType = sourcecode.c.objc; path = DMAppDelegate.m; sourceTree = "<group>"; };
		239DEA8218B8CC4400ECF1DD /* Images.xcassets */ = {isa = PBXFileReference; lastKnownFileType = folder.assetcatalog; path = Images.xcassets; sourceTree = "<group>"; };
		239DEA8818B8CC4500ECF1DD /* SimpleEpubReaderTests.xctest */ = {isa = PBXFileReference; explicitFileType = wrapper.cfbundle; includeInIndex = 0; path = SimpleEpubReaderTests.xctest; sourceTree = BUILT_PRODUCTS_DIR; };
		239DEA8918B8CC4500ECF1DD /* XCTest.framework */ = {isa = PBXFileReference; lastKnownFileType = wrapper.framework; name = XCTest.framework; path = Library/Frameworks/XCTest.framework; sourceTree = DEVELOPER_DIR; };
		239DEA9118B8CC4500ECF1DD /* SimpleEpubReaderTests-Info.plist */ = {isa = PBXFileReference; lastKnownFileType = text.plist.xml; path = "SimpleEpubReaderTests-Info.plist"; sourceTree = "<group>"; };
		239DEA9318B8CC4500ECF1DD /* en */ = {isa = PBXFileReference; lastKnownFileType = text.plist.strings; name = en; path = en.lproj/InfoPlist.strings; sourceTree = "<group>"; };
		239DEA9518B8CC4500ECF1DD /* SimpleEpubReaderTests.m */ = {isa = PBXFileReference; lastKnownFileType = sourcecode.c.objc; path = SimpleEpubReaderTests.m; sourceTree = "<group>"; };
		23F189F418BBE73600EC3B92 /* DMTestableArchive.h */ = {isa = PBXFileReference; fileEncoding = 4; lastKnownFileType = sourcecode.c.h; name = DMTestableArchive.h; path = TestableObjects/DMTestableArchive.h; sourceTree = "<group>"; };
		23F189F518BBE73600EC3B92 /* DMTestableArchive.m */ = {isa = PBXFileReference; fileEncoding = 4; lastKnownFileType = sourcecode.c.objc; name = DMTestableArchive.m; path = TestableObjects/DMTestableArchive.m; sourceTree = "<group>"; };
		23F189F818BBE7A100EC3B92 /* DMUnZipTests.m */ = {isa = PBXFileReference; fileEncoding = 4; lastKnownFileType = sourcecode.c.objc; path = DMUnZipTests.m; sourceTree = "<group>"; };
		23F189FA18BBECBD00EC3B92 /* DMTestableePubFileManager.h */ = {isa = PBXFileReference; fileEncoding = 4; lastKnownFileType = sourcecode.c.h; name = DMTestableePubFileManager.h; path = TestableObjects/DMTestableePubFileManager.h; sourceTree = "<group>"; };
		23F189FB18BBECBD00EC3B92 /* DMTestableePubFileManager.m */ = {isa = PBXFileReference; fileEncoding = 4; lastKnownFileType = sourcecode.c.objc; name = DMTestableePubFileManager.m; path = TestableObjects/DMTestableePubFileManager.m; sourceTree = "<group>"; };
		23F189FE18BBEE4000EC3B92 /* DMePubFileManager.h */ = {isa = PBXFileReference; fileEncoding = 4; lastKnownFileType = sourcecode.c.h; name = DMePubFileManager.h; path = ePub/DMePubFileManager.h; sourceTree = "<group>"; };
		23F189FF18BBEE4000EC3B92 /* DMePubFileManager.m */ = {isa = PBXFileReference; fileEncoding = 4; lastKnownFileType = sourcecode.c.objc; name = DMePubFileManager.m; path = ePub/DMePubFileManager.m; sourceTree = "<group>"; };
		23F18A0218BBF93600EC3B92 /* libzipzap.a */ = {isa = PBXFileReference; lastKnownFileType = archive.ar; name = libzipzap.a; path = "../../../Library/Developer/Xcode/DerivedData/SimpleEpubReader-doekffuhhkijqqbgnqpyalucabvr/Build/Products/Debug/libzipzap.a"; sourceTree = "<group>"; };
		23F18A0418BBF9CA00EC3B92 /* ImageIO.framework */ = {isa = PBXFileReference; lastKnownFileType = wrapper.framework; name = ImageIO.framework; path = System/Library/Frameworks/ImageIO.framework; sourceTree = SDKROOT; };
		23F18A0618BBF9D300EC3B92 /* libz.dylib */ = {isa = PBXFileReference; lastKnownFileType = "compiled.mach-o.dylib"; name = libz.dylib; path = usr/lib/libz.dylib; sourceTree = SDKROOT; };
/* End PBXFileReference section */

/* Begin PBXFrameworksBuildPhase section */
		239DEA6A18B8CC4400ECF1DD /* Frameworks */ = {
			isa = PBXFrameworksBuildPhase;
			buildActionMask = 2147483647;
			files = (
				23F18A0718BBF9D300EC3B92 /* libz.dylib in Frameworks */,
				23F18A0518BBF9CA00EC3B92 /* ImageIO.framework in Frameworks */,
				23F18A0318BBF93600EC3B92 /* libzipzap.a in Frameworks */,
				239DEA7318B8CC4400ECF1DD /* CoreGraphics.framework in Frameworks */,
				239DEA7518B8CC4400ECF1DD /* UIKit.framework in Frameworks */,
				239DEA7118B8CC4400ECF1DD /* Foundation.framework in Frameworks */,
			);
			runOnlyForDeploymentPostprocessing = 0;
		};
		239DEA8518B8CC4500ECF1DD /* Frameworks */ = {
			isa = PBXFrameworksBuildPhase;
			buildActionMask = 2147483647;
			files = (
				239DEA8A18B8CC4500ECF1DD /* XCTest.framework in Frameworks */,
				239DEA8C18B8CC4500ECF1DD /* UIKit.framework in Frameworks */,
				239DEA8B18B8CC4500ECF1DD /* Foundation.framework in Frameworks */,
			);
			runOnlyForDeploymentPostprocessing = 0;
		};
/* End PBXFrameworksBuildPhase section */

/* Begin PBXGroup section */
		2325215D18BE86C30076DA00 /* Categories */ = {
			isa = PBXGroup;
			children = (
				2325215E18BE86C30076DA00 /* NSError+Description.h */,
				2325215F18BE86C30076DA00 /* NSError+Description.m */,
			);
			path = Categories;
			sourceTree = "<group>";
		};
		239DEA6418B8CC4400ECF1DD = {
			isa = PBXGroup;
			children = (
				239DEA7618B8CC4400ECF1DD /* SimpleEpubReader */,
				239DEA8F18B8CC4500ECF1DD /* SimpleEpubReaderTests */,
				239DEA6F18B8CC4400ECF1DD /* Frameworks */,
				239DEA6E18B8CC4400ECF1DD /* Products */,
			);
			sourceTree = "<group>";
		};
		239DEA6E18B8CC4400ECF1DD /* Products */ = {
			isa = PBXGroup;
			children = (
				239DEA6D18B8CC4400ECF1DD /* SimpleEpubReader.app */,
				239DEA8818B8CC4500ECF1DD /* SimpleEpubReaderTests.xctest */,
			);
			name = Products;
			sourceTree = "<group>";
		};
		239DEA6F18B8CC4400ECF1DD /* Frameworks */ = {
			isa = PBXGroup;
			children = (
				23F18A0618BBF9D300EC3B92 /* libz.dylib */,
				23F18A0418BBF9CA00EC3B92 /* ImageIO.framework */,
				23F18A0218BBF93600EC3B92 /* libzipzap.a */,
				239DEA7018B8CC4400ECF1DD /* Foundation.framework */,
				239DEA7218B8CC4400ECF1DD /* CoreGraphics.framework */,
				239DEA7418B8CC4400ECF1DD /* UIKit.framework */,
				239DEA8918B8CC4500ECF1DD /* XCTest.framework */,
			);
			name = Frameworks;
			sourceTree = "<group>";
		};
		239DEA7618B8CC4400ECF1DD /* SimpleEpubReader */ = {
			isa = PBXGroup;
			children = (
				2325215D18BE86C30076DA00 /* Categories */,
				23F189FD18BBEE0800EC3B92 /* ePub */,
				239DEA7F18B8CC4400ECF1DD /* DMAppDelegate.h */,
				239DEA8018B8CC4400ECF1DD /* DMAppDelegate.m */,
				239DEA8218B8CC4400ECF1DD /* Images.xcassets */,
				239DEA7718B8CC4400ECF1DD /* Supporting Files */,
			);
			path = SimpleEpubReader;
			sourceTree = "<group>";
		};
		239DEA7718B8CC4400ECF1DD /* Supporting Files */ = {
			isa = PBXGroup;
			children = (
				239DEA7818B8CC4400ECF1DD /* SimpleEpubReader-Info.plist */,
				239DEA7918B8CC4400ECF1DD /* InfoPlist.strings */,
				239DEA7C18B8CC4400ECF1DD /* main.m */,
				239DEA7E18B8CC4400ECF1DD /* SimpleEpubReader-Prefix.pch */,
			);
			name = "Supporting Files";
			sourceTree = "<group>";
		};
		239DEA8F18B8CC4500ECF1DD /* SimpleEpubReaderTests */ = {
			isa = PBXGroup;
			children = (
				23F189F718BBE74800EC3B92 /* TestableObjects */,
				239DEA9518B8CC4500ECF1DD /* SimpleEpubReaderTests.m */,
				239DEA9018B8CC4500ECF1DD /* Supporting Files */,
				23F189F818BBE7A100EC3B92 /* DMUnZipTests.m */,
			);
			path = SimpleEpubReaderTests;
			sourceTree = "<group>";
		};
		239DEA9018B8CC4500ECF1DD /* Supporting Files */ = {
			isa = PBXGroup;
			children = (
				239DEA9118B8CC4500ECF1DD /* SimpleEpubReaderTests-Info.plist */,
				239DEA9218B8CC4500ECF1DD /* InfoPlist.strings */,
			);
			name = "Supporting Files";
			sourceTree = "<group>";
		};
		23F189F718BBE74800EC3B92 /* TestableObjects */ = {
			isa = PBXGroup;
			children = (
				23F189F418BBE73600EC3B92 /* DMTestableArchive.h */,
				23F189F518BBE73600EC3B92 /* DMTestableArchive.m */,
				23F189FA18BBECBD00EC3B92 /* DMTestableePubFileManager.h */,
				23F189FB18BBECBD00EC3B92 /* DMTestableePubFileManager.m */,
			);
			name = TestableObjects;
			sourceTree = "<group>";
		};
		23F189FD18BBEE0800EC3B92 /* ePub */ = {
			isa = PBXGroup;
			children = (
				23F189FE18BBEE4000EC3B92 /* DMePubFileManager.h */,
				23F189FF18BBEE4000EC3B92 /* DMePubFileManager.m */,
			);
			name = ePub;
			sourceTree = "<group>";
		};
/* End PBXGroup section */

/* Begin PBXNativeTarget section */
		239DEA6C18B8CC4400ECF1DD /* SimpleEpubReader */ = {
			isa = PBXNativeTarget;
			buildConfigurationList = 239DEA9918B8CC4500ECF1DD /* Build configuration list for PBXNativeTarget "SimpleEpubReader" */;
			buildPhases = (
				239DEA6918B8CC4400ECF1DD /* Sources */,
				239DEA6A18B8CC4400ECF1DD /* Frameworks */,
				239DEA6B18B8CC4400ECF1DD /* Resources */,
			);
			buildRules = (
			);
			dependencies = (
			);
			name = SimpleEpubReader;
			productName = SimpleEpubReader;
			productReference = 239DEA6D18B8CC4400ECF1DD /* SimpleEpubReader.app */;
			productType = "com.apple.product-type.application";
		};
		239DEA8718B8CC4500ECF1DD /* SimpleEpubReaderTests */ = {
			isa = PBXNativeTarget;
			buildConfigurationList = 239DEA9C18B8CC4500ECF1DD /* Build configuration list for PBXNativeTarget "SimpleEpubReaderTests" */;
			buildPhases = (
				239DEA8418B8CC4500ECF1DD /* Sources */,
				239DEA8518B8CC4500ECF1DD /* Frameworks */,
				239DEA8618B8CC4500ECF1DD /* Resources */,
			);
			buildRules = (
			);
			dependencies = (
				239DEA8E18B8CC4500ECF1DD /* PBXTargetDependency */,
			);
			name = SimpleEpubReaderTests;
			productName = SimpleEpubReaderTests;
			productReference = 239DEA8818B8CC4500ECF1DD /* SimpleEpubReaderTests.xctest */;
			productType = "com.apple.product-type.bundle.unit-test";
		};
/* End PBXNativeTarget section */

/* Begin PBXProject section */
		239DEA6518B8CC4400ECF1DD /* Project object */ = {
			isa = PBXProject;
			attributes = {
				CLASSPREFIX = DM;
				LastUpgradeCheck = 0500;
				ORGANIZATIONNAME = "Nikola Sobadjiev";
				TargetAttributes = {
					239DEA8718B8CC4500ECF1DD = {
						TestTargetID = 239DEA6C18B8CC4400ECF1DD;
					};
				};
			};
			buildConfigurationList = 239DEA6818B8CC4400ECF1DD /* Build configuration list for PBXProject "SimpleEpubReader" */;
			compatibilityVersion = "Xcode 3.2";
			developmentRegion = English;
			hasScannedForEncodings = 0;
			knownRegions = (
				en,
			);
			mainGroup = 239DEA6418B8CC4400ECF1DD;
			productRefGroup = 239DEA6E18B8CC4400ECF1DD /* Products */;
			projectDirPath = "";
			projectRoot = "";
			targets = (
				239DEA6C18B8CC4400ECF1DD /* SimpleEpubReader */,
				239DEA8718B8CC4500ECF1DD /* SimpleEpubReaderTests */,
			);
		};
/* End PBXProject section */

/* Begin PBXResourcesBuildPhase section */
		239DEA6B18B8CC4400ECF1DD /* Resources */ = {
			isa = PBXResourcesBuildPhase;
			buildActionMask = 2147483647;
			files = (
				239DEA7B18B8CC4400ECF1DD /* InfoPlist.strings in Resources */,
				239DEA8318B8CC4400ECF1DD /* Images.xcassets in Resources */,
			);
			runOnlyForDeploymentPostprocessing = 0;
		};
		239DEA8618B8CC4500ECF1DD /* Resources */ = {
			isa = PBXResourcesBuildPhase;
			buildActionMask = 2147483647;
			files = (
				239DEA9418B8CC4500ECF1DD /* InfoPlist.strings in Resources */,
			);
			runOnlyForDeploymentPostprocessing = 0;
		};
/* End PBXResourcesBuildPhase section */

/* Begin PBXSourcesBuildPhase section */
		239DEA6918B8CC4400ECF1DD /* Sources */ = {
			isa = PBXSourcesBuildPhase;
			buildActionMask = 2147483647;
			files = (
				239DEA7D18B8CC4400ECF1DD /* main.m in Sources */,
				23F18A0018BBEE4000EC3B92 /* DMePubFileManager.m in Sources */,
				2325216018BE86C30076DA00 /* NSError+Description.m in Sources */,
				239DEA8118B8CC4400ECF1DD /* DMAppDelegate.m in Sources */,
			);
			runOnlyForDeploymentPostprocessing = 0;
		};
		239DEA8418B8CC4500ECF1DD /* Sources */ = {
			isa = PBXSourcesBuildPhase;
			buildActionMask = 2147483647;
			files = (
				239DEA9618B8CC4500ECF1DD /* SimpleEpubReaderTests.m in Sources */,
				23F189F618BBE73600EC3B92 /* DMTestableArchive.m in Sources */,
				2325216118BE86C30076DA00 /* NSError+Description.m in Sources */,
				23F18A0118BBEE4000EC3B92 /* DMePubFileManager.m in Sources */,
				23F189FC18BBECBD00EC3B92 /* DMTestableePubFileManager.m in Sources */,
				23F189F918BBE7A200EC3B92 /* DMUnZipTests.m in Sources */,
			);
			runOnlyForDeploymentPostprocessing = 0;
		};
/* End PBXSourcesBuildPhase section */

/* Begin PBXTargetDependency section */
		239DEA8E18B8CC4500ECF1DD /* PBXTargetDependency */ = {
			isa = PBXTargetDependency;
			target = 239DEA6C18B8CC4400ECF1DD /* SimpleEpubReader */;
			targetProxy = 239DEA8D18B8CC4500ECF1DD /* PBXContainerItemProxy */;
		};
/* End PBXTargetDependency section */

/* Begin PBXVariantGroup section */
		239DEA7918B8CC4400ECF1DD /* InfoPlist.strings */ = {
			isa = PBXVariantGroup;
			children = (
				239DEA7A18B8CC4400ECF1DD /* en */,
			);
			name = InfoPlist.strings;
			sourceTree = "<group>";
		};
		239DEA9218B8CC4500ECF1DD /* InfoPlist.strings */ = {
			isa = PBXVariantGroup;
			children = (
				239DEA9318B8CC4500ECF1DD /* en */,
			);
			name = InfoPlist.strings;
			sourceTree = "<group>";
		};
/* End PBXVariantGroup section */

/* Begin XCBuildConfiguration section */
		239DEA9718B8CC4500ECF1DD /* Debug */ = {
			isa = XCBuildConfiguration;
			buildSettings = {
				ALWAYS_SEARCH_USER_PATHS = NO;
				ARCHS = "$(ARCHS_STANDARD_INCLUDING_64_BIT)";
				CLANG_CXX_LANGUAGE_STANDARD = "gnu++0x";
				CLANG_CXX_LIBRARY = "libc++";
				CLANG_ENABLE_MODULES = YES;
				CLANG_ENABLE_OBJC_ARC = YES;
				CLANG_WARN_BOOL_CONVERSION = YES;
				CLANG_WARN_CONSTANT_CONVERSION = YES;
				CLANG_WARN_DIRECT_OBJC_ISA_USAGE = YES_ERROR;
				CLANG_WARN_EMPTY_BODY = YES;
				CLANG_WARN_ENUM_CONVERSION = YES;
				CLANG_WARN_INT_CONVERSION = YES;
				CLANG_WARN_OBJC_ROOT_CLASS = YES_ERROR;
				CLANG_WARN__DUPLICATE_METHOD_MATCH = YES;
				"CODE_SIGN_IDENTITY[sdk=iphoneos*]" = "iPhone Developer";
				COPY_PHASE_STRIP = NO;
				GCC_C_LANGUAGE_STANDARD = gnu99;
				GCC_DYNAMIC_NO_PIC = NO;
				GCC_OPTIMIZATION_LEVEL = 0;
				GCC_PREPROCESSOR_DEFINITIONS = (
					"DEBUG=1",
					"$(inherited)",
				);
				GCC_SYMBOLS_PRIVATE_EXTERN = NO;
				GCC_WARN_64_TO_32_BIT_CONVERSION = YES;
				GCC_WARN_ABOUT_RETURN_TYPE = YES_ERROR;
				GCC_WARN_UNDECLARED_SELECTOR = YES;
				GCC_WARN_UNINITIALIZED_AUTOS = YES;
				GCC_WARN_UNUSED_FUNCTION = YES;
				GCC_WARN_UNUSED_VARIABLE = YES;
				IPHONEOS_DEPLOYMENT_TARGET = 7.0;
				ONLY_ACTIVE_ARCH = YES;
				SDKROOT = iphoneos;
			};
			name = Debug;
		};
		239DEA9818B8CC4500ECF1DD /* Release */ = {
			isa = XCBuildConfiguration;
			buildSettings = {
				ALWAYS_SEARCH_USER_PATHS = NO;
				ARCHS = "$(ARCHS_STANDARD_INCLUDING_64_BIT)";
				CLANG_CXX_LANGUAGE_STANDARD = "gnu++0x";
				CLANG_CXX_LIBRARY = "libc++";
				CLANG_ENABLE_MODULES = YES;
				CLANG_ENABLE_OBJC_ARC = YES;
				CLANG_WARN_BOOL_CONVERSION = YES;
				CLANG_WARN_CONSTANT_CONVERSION = YES;
				CLANG_WARN_DIRECT_OBJC_ISA_USAGE = YES_ERROR;
				CLANG_WARN_EMPTY_BODY = YES;
				CLANG_WARN_ENUM_CONVERSION = YES;
				CLANG_WARN_INT_CONVERSION = YES;
				CLANG_WARN_OBJC_ROOT_CLASS = YES_ERROR;
				CLANG_WARN__DUPLICATE_METHOD_MATCH = YES;
				"CODE_SIGN_IDENTITY[sdk=iphoneos*]" = "iPhone Developer";
				COPY_PHASE_STRIP = YES;
				ENABLE_NS_ASSERTIONS = NO;
				GCC_C_LANGUAGE_STANDARD = gnu99;
				GCC_WARN_64_TO_32_BIT_CONVERSION = YES;
				GCC_WARN_ABOUT_RETURN_TYPE = YES_ERROR;
				GCC_WARN_UNDECLARED_SELECTOR = YES;
				GCC_WARN_UNINITIALIZED_AUTOS = YES;
				GCC_WARN_UNUSED_FUNCTION = YES;
				GCC_WARN_UNUSED_VARIABLE = YES;
				IPHONEOS_DEPLOYMENT_TARGET = 7.0;
				SDKROOT = iphoneos;
				VALIDATE_PRODUCT = YES;
			};
			name = Release;
		};
		239DEA9A18B8CC4500ECF1DD /* Debug */ = {
			isa = XCBuildConfiguration;
			buildSettings = {
				ALWAYS_SEARCH_USER_PATHS = YES;
				ASSETCATALOG_COMPILER_APPICON_NAME = AppIcon;
				ASSETCATALOG_COMPILER_LAUNCHIMAGE_NAME = LaunchImage;
				GCC_PRECOMPILE_PREFIX_HEADER = YES;
				GCC_PREFIX_HEADER = "SimpleEpubReader/SimpleEpubReader-Prefix.pch";
				HEADER_SEARCH_PATHS = (
					"$(inherited)/**",
					"/usr/local/include/**",
					/Applications/Xcode.app/Contents/Developer/Toolchains/XcodeDefault.xctoolchain/usr/include,
				);
				INFOPLIST_FILE = "SimpleEpubReader/SimpleEpubReader-Info.plist";
				LIBRARY_SEARCH_PATHS = (
					"$(USER_LIBRARY_DIR)/Developer/Xcode/DerivedData/SimpleEpubReader-doekffuhhkijqqbgnqpyalucabvr/**",
					"$(USER_LIBRARY_DIR)/Developer/Xcode/DerivedData/SimpleEpubReader-doekffuhhkijqqbgnqpyalucabvr/Build/Products/Debug",
				);
				PRODUCT_NAME = "$(TARGET_NAME)";
				WRAPPER_EXTENSION = app;
			};
			name = Debug;
		};
		239DEA9B18B8CC4500ECF1DD /* Release */ = {
			isa = XCBuildConfiguration;
			buildSettings = {
				ALWAYS_SEARCH_USER_PATHS = YES;
				ASSETCATALOG_COMPILER_APPICON_NAME = AppIcon;
				ASSETCATALOG_COMPILER_LAUNCHIMAGE_NAME = LaunchImage;
				GCC_PRECOMPILE_PREFIX_HEADER = YES;
				GCC_PREFIX_HEADER = "SimpleEpubReader/SimpleEpubReader-Prefix.pch";
				HEADER_SEARCH_PATHS = (
					"$(inherited)/**",
					"/usr/local/include/**",
					/Applications/Xcode.app/Contents/Developer/Toolchains/XcodeDefault.xctoolchain/usr/include,
				);
				INFOPLIST_FILE = "SimpleEpubReader/SimpleEpubReader-Info.plist";
				LIBRARY_SEARCH_PATHS = (
					"$(USER_LIBRARY_DIR)/Developer/Xcode/DerivedData/SimpleEpubReader-doekffuhhkijqqbgnqpyalucabvr/**",
					"$(USER_LIBRARY_DIR)/Developer/Xcode/DerivedData/SimpleEpubReader-doekffuhhkijqqbgnqpyalucabvr/Build/Products/Debug",
				);
				PRODUCT_NAME = "$(TARGET_NAME)";
				WRAPPER_EXTENSION = app;
			};
			name = Release;
		};
		239DEA9D18B8CC4500ECF1DD /* Debug */ = {
			isa = XCBuildConfiguration;
			buildSettings = {
				ARCHS = "$(ARCHS_STANDARD_INCLUDING_64_BIT)";
				BUNDLE_LOADER = "$(BUILT_PRODUCTS_DIR)/SimpleEpubReader.app/SimpleEpubReader";
				FRAMEWORK_SEARCH_PATHS = (
					"$(SDKROOT)/Developer/Library/Frameworks",
					"$(inherited)",
					"$(DEVELOPER_FRAMEWORKS_DIR)",
				);
				GCC_PRECOMPILE_PREFIX_HEADER = YES;
				GCC_PREFIX_HEADER = "SimpleEpubReader/SimpleEpubReader-Prefix.pch";
				GCC_PREPROCESSOR_DEFINITIONS = (
					"DEBUG=1",
					"$(inherited)",
				);
				HEADER_SEARCH_PATHS = (
					"$(inherited)",
					/Applications/Xcode.app/Contents/Developer/Toolchains/XcodeDefault.xctoolchain/usr/include,
					/usr/local/include,
				);
				INFOPLIST_FILE = "SimpleEpubReaderTests/SimpleEpubReaderTests-Info.plist";
				PRODUCT_NAME = "$(TARGET_NAME)";
				TEST_HOST = "$(BUNDLE_LOADER)";
				WRAPPER_EXTENSION = xctest;
			};
			name = Debug;
		};
		239DEA9E18B8CC4500ECF1DD /* Release */ = {
			isa = XCBuildConfiguration;
			buildSettings = {
				ARCHS = "$(ARCHS_STANDARD_INCLUDING_64_BIT)";
				BUNDLE_LOADER = "$(BUILT_PRODUCTS_DIR)/SimpleEpubReader.app/SimpleEpubReader";
				FRAMEWORK_SEARCH_PATHS = (
					"$(SDKROOT)/Developer/Library/Frameworks",
					"$(inherited)",
					"$(DEVELOPER_FRAMEWORKS_DIR)",
				);
				GCC_PRECOMPILE_PREFIX_HEADER = YES;
				GCC_PREFIX_HEADER = "SimpleEpubReader/SimpleEpubReader-Prefix.pch";
				HEADER_SEARCH_PATHS = (
					"$(inherited)",
					/Applications/Xcode.app/Contents/Developer/Toolchains/XcodeDefault.xctoolchain/usr/include,
					/usr/local/include,
				);
				INFOPLIST_FILE = "SimpleEpubReaderTests/SimpleEpubReaderTests-Info.plist";
				PRODUCT_NAME = "$(TARGET_NAME)";
				TEST_HOST = "$(BUNDLE_LOADER)";
				WRAPPER_EXTENSION = xctest;
			};
			name = Release;
		};
/* End XCBuildConfiguration section */

/* Begin XCConfigurationList section */
		239DEA6818B8CC4400ECF1DD /* Build configuration list for PBXProject "SimpleEpubReader" */ = {
			isa = XCConfigurationList;
			buildConfigurations = (
				239DEA9718B8CC4500ECF1DD /* Debug */,
				239DEA9818B8CC4500ECF1DD /* Release */,
			);
			defaultConfigurationIsVisible = 0;
			defaultConfigurationName = Release;
		};
		239DEA9918B8CC4500ECF1DD /* Build configuration list for PBXNativeTarget "SimpleEpubReader" */ = {
			isa = XCConfigurationList;
			buildConfigurations = (
				239DEA9A18B8CC4500ECF1DD /* Debug */,
				239DEA9B18B8CC4500ECF1DD /* Release */,
			);
			defaultConfigurationIsVisible = 0;
			defaultConfigurationName = Release;
		};
		239DEA9C18B8CC4500ECF1DD /* Build configuration list for PBXNativeTarget "SimpleEpubReaderTests" */ = {
			isa = XCConfigurationList;
			buildConfigurations = (
				239DEA9D18B8CC4500ECF1DD /* Debug */,
				239DEA9E18B8CC4500ECF1DD /* Release */,
			);
			defaultConfigurationIsVisible = 0;
			defaultConfigurationName = Release;
		};
/* End XCConfigurationList section */
	};
	rootObject = 239DEA6518B8CC4400ECF1DD /* Project object */;
}
